<?xml version="1.0" encoding="utf-8"?>
<Project ToolsVersion="4.0" xmlns="http://schemas.microsoft.com/developer/msbuild/2003">
  <ItemGroup>
    <Filter Include="Resource Files">
      <UniqueIdentifier>{D9D6E242-F8AF-46E4-B9FD-80ECBC20BA3E}</UniqueIdentifier>
      <Extensions>qrc;*</Extensions>
      <ParseFiles>false</ParseFiles>
    </Filter>
    <Filter Include="Resource Files\Form Files">
      <UniqueIdentifier>{99349809-55BA-4b9d-BF79-8FDBB0286EB3}</UniqueIdentifier>
      <Extensions>ui</Extensions>
    </Filter>
    <Filter Include="Resource Files\Generated Files">
      <UniqueIdentifier>{71ED8ED8-ACB9-4CE9-BBE1-E00B30144E11}</UniqueIdentifier>
      <Extensions>moc;h;cpp</Extensions>
      <SourceControlFiles>False</SourceControlFiles>
    </Filter>
    <Filter Include="Resource Files\Generated Files\Debug">
      <UniqueIdentifier>{f1dae012-2fcf-4d88-85bc-d4b5e8b8734e}</UniqueIdentifier>
      <Extensions>cpp;moc</Extensions>
      <SourceControlFiles>False</SourceControlFiles>
    </Filter>
    <Filter Include="Resource Files\Generated Files\Release">
      <UniqueIdentifier>{6db32265-c086-42ac-8adb-0a238d4c2c2a}</UniqueIdentifier>
      <Extensions>cpp;moc</Extensions>
      <SourceControlFiles>False</SourceControlFiles>
    </Filter>
    <Filter Include="shared">
      <UniqueIdentifier>{314a4472-7d9d-43f2-9d51-d9fc70152d68}</UniqueIdentifier>
    </Filter>
    <Filter Include="Config">
      <UniqueIdentifier>{36b47127-3543-4a11-bdba-a9a0607eda9b}</UniqueIdentifier>
    </Filter>
    <Filter Include="Resource Files\Export">
      <UniqueIdentifier>{6cdb8727-5450-4d39-8000-56ee8ce34b3d}</UniqueIdentifier>
    </Filter>
    <Filter Include="Resource Files\Export\FTP">
      <UniqueIdentifier>{efb30a7b-0dca-47a2-a6a4-e1e17602a6f6}</UniqueIdentifier>
    </Filter>
    <Filter Include="Resource Files\Export\File">
      <UniqueIdentifier>{8d428aa3-52b8-45a1-a9b2-c6aba7229703}</UniqueIdentifier>
    </Filter>
    <Filter Include="stdafx">
      <UniqueIdentifier>{fcb9b42c-18c8-41ce-8ab8-b49b901a90bb}</UniqueIdentifier>
    </Filter>
  </ItemGroup>
  <ItemGroup>
    <ClCompile Include="GeneratedFiles\Debug\moc_serverstats.cpp">
      <Filter>Resource Files\Generated Files\Debug</Filter>
    </ClCompile>
    <ClCompile Include="GeneratedFiles\Release\moc_serverstats.cpp">
      <Filter>Resource Files\Generated Files\Release</Filter>
    </ClCompile>
    <ClCompile Include="GeneratedFiles\qrc_serverstats.cpp">
      <Filter>Resource Files\Generated Files</Filter>
    </ClCompile>
    <ClCompile Include="serverstats.cpp">
      <Filter>Resource Files</Filter>
    </ClCompile>
    <ClCompile Include="main.cpp" />
    <ClCompile Include="shared\blowfish.cpp">
      <Filter>shared</Filter>
    </ClCompile>
    <ClCompile Include="shared\silkroad_security.cpp">
      <Filter>shared</Filter>
    </ClCompile>
    <ClCompile Include="shared\stream_utility.cpp">
      <Filter>shared</Filter>
    </ClCompile>
    <ClCompile Include="GeneratedFiles\Debug\moc_serveredit.cpp">
      <Filter>Resource Files\Generated Files\Debug</Filter>
    </ClCompile>
    <ClCompile Include="GeneratedFiles\Release\moc_serveredit.cpp">
      <Filter>Resource Files\Generated Files\Release</Filter>
    </ClCompile>
    <ClCompile Include="serveredit.cpp">
      <Filter>Resource Files</Filter>
    </ClCompile>
    <ClCompile Include="Config\config.cpp">
      <Filter>Config</Filter>
    </ClCompile>
    <ClCompile Include="GeneratedFiles\Debug\moc_ftpexportsettings.cpp">
      <Filter>Resource Files\Generated Files\Debug</Filter>
    </ClCompile>
    <ClCompile Include="GeneratedFiles\Release\moc_ftpexportsettings.cpp">
      <Filter>Resource Files\Generated Files\Release</Filter>
    </ClCompile>
    <ClCompile Include="GeneratedFiles\Debug\moc_fileexportsettings.cpp">
      <Filter>Resource Files\Generated Files\Debug</Filter>
    </ClCompile>
    <ClCompile Include="GeneratedFiles\Release\moc_fileexportsettings.cpp">
      <Filter>Resource Files\Generated Files\Release</Filter>
    </ClCompile>
    <ClCompile Include="ftpexportsettings.cpp">
      <Filter>Resource Files\Export\FTP</Filter>
    </ClCompile>
    <ClCompile Include="fileexportsettings.cpp">
      <Filter>Resource Files\Export\File</Filter>
    </ClCompile>
    <ClCompile Include="stdafx.cpp">
      <Filter>stdafx</Filter>
    </ClCompile>
  </ItemGroup>
  <ItemGroup>
    <CustomBuild Include="serverstats.ui">
      <Filter>Resource Files\Form Files</Filter>
    </CustomBuild>
    <CustomBuild Include="serverstats.qrc">
      <Filter>Resource Files</Filter>
    </CustomBuild>
    <CustomBuild Include="serverstats.h">
      <Filter>Resource Files</Filter>
    </CustomBuild>
    <CustomBuild Include="serveredit.ui">
      <Filter>Resource Files\Form Files</Filter>
    </CustomBuild>
    <CustomBuild Include="serveredit.h">
      <Filter>Resource Files</Filter>
    </CustomBuild>
    <CustomBuild Include="ftpexportsettings.ui">
      <Filter>Resource Files\Form Files</Filter>
    </CustomBuild>
    <CustomBuild Include="fileexportsettings.ui">
      <Filter>Resource Files\Form Files</Filter>
    </CustomBuild>
    <CustomBuild Include="ftpexportsettings.h">
      <Filter>Resource Files\Export\FTP</Filter>
    </CustomBuild>
    <CustomBuild Include="fileexportsettings.h">
      <Filter>Resource Files\Export\File</Filter>
    </CustomBuild>
  </ItemGroup>
  <ItemGroup>
    <ClInclude Include="GeneratedFiles\ui_serverstats.h">
      <Filter>Resource Files\Generated Files</Filter>
    </ClInclude>
    <ClInclude Include="resource.h">
      <Filter>Resource Files\Generated Files</Filter>
    </ClInclude>
    <ClInclude Include="shared\blowfish.h">
      <Filter>shared</Filter>
    </ClInclude>
    <ClInclude Include="shared\silkroad_security.h">
      <Filter>shared</Filter>
    </ClInclude>
    <ClInclude Include="shared\stream_utility.h">
      <Filter>shared</Filter>
    </ClInclude>
    <ClInclude Include="GeneratedFiles\ui_serveredit.h">
      <Filter>Resource Files\Generated Files</Filter>
    </ClInclude>
    <ClInclude Include="Config\config.h">
      <Filter>Config</Filter>
    </ClInclude>
    <ClInclude Include="GeneratedFiles\ui_ftpexportsettings.h">
      <Filter>Resource Files\Generated Files</Filter>
    </ClInclude>
    <ClInclude Include="GeneratedFiles\ui_fileexportsettings.h">
      <Filter>Resource Files\Generated Files</Filter>
    </ClInclude>
    <ClInclude Include="stdafx.h">
      <Filter>stdafx</Filter>
    </ClInclude>
  </ItemGroup>
  <ItemGroup>
    <ResourceCompile Include="ServerStats.rc">
      <Filter>Resource Files</Filter>
    </ResourceCompile>
  </ItemGroup>
  <ItemGroup>
    <None Include="icon.ico">
      <Filter>Resource Files</Filter>
    </None>
  </ItemGroup>
</Project>